
Microsoft Visual Studio Solution File, Format Version 12.00
# Visual Studio Version 17
VisualStudioVersion = 17.14.36121.58 d17.14
MinimumVisualStudioVersion = 10.0.40219.1
Project("{FAE04EC0-301F-11D3-BF4B-00C04F79EFBC}") = "OpenRouterClientLite", "OpenRouterClientLite\OpenRouterClientLite.csproj", "{3E23A812-48B2-42C0-A0AB-C424ABCFB633}"
EndProject
Global
	GlobalSection(SolutionConfigurationPlatforms) = preSolution
		Debug|Any CPU = Debug|Any CPU
		Release|Any CPU = Release|Any CPU
	EndGlobalSection
	GlobalSection(ProjectConfigurationPlatforms) = postSolution
		{3E23A812-48B2-42C0-A0AB-C424ABCFB633}.Debug|Any CPU.ActiveCfg = Debug|Any CPU
		{3E23A812-48B2-42C0-A0AB-C424ABCFB633}.Debug|Any CPU.Build.0 = Debug|Any CPU
		{3E23A812-48B2-42C0-A0AB-C424ABCFB633}.Release|Any CPU.ActiveCfg = Release|Any CPU
		{3E23A812-48B2-42C0-A0AB-C424ABCFB633}.Release|Any CPU.Build.0 = Release|Any CPU
	EndGlobalSection
	GlobalSection(SolutionProperties) = preSolution
		HideSolutionNode = FALSE
	EndGlobalSection
	GlobalSection(ExtensibilityGlobals) = postSolution
		SolutionGuid = {DFC797DA-D8AE-46DE-97AF-07331E1F6F27}
	EndGlobalSection
EndGlobal
